
Microsoft Visual Studio Solution File, Format Version 12.00
# Visual Studio 2012
Project("{FAE04EC0-301F-11D3-BF4B-00C04F79EFBC}") = "GOT.Prolegis.WIN8", "GOT.Prolegis.WIN8\GOT.Prolegis.WIN8.csproj", "{F36BEB88-7042-498F-859C-4F76A588A615}"
EndProject
Project("{FAE04EC0-301F-11D3-BF4B-00C04F79EFBC}") = "GOT.Prolegis.Portable", "GOT.Prolegis.Portable\GOT.Prolegis.Portable.csproj", "{5B7D626D-A020-4C26-9F2D-FCCEEB63A837}"
EndProject
Project("{FAE04EC0-301F-11D3-BF4B-00C04F79EFBC}") = "GOT.Prolegis.Model", "GOT.Prolegis.Model\GOT.Prolegis.Model.csproj", "{4D195CD6-D3AF-4B54-8BCD-B60043920900}"
EndProject
Global
	GlobalSection(SolutionConfigurationPlatforms) = preSolution
		Debug|Any CPU = Debug|Any CPU
		Debug|ARM = Debug|ARM
		Debug|x64 = Debug|x64
		Debug|x86 = Debug|x86
		Release|Any CPU = Release|Any CPU
		Release|ARM = Release|ARM
		Release|x64 = Release|x64
		Release|x86 = Release|x86
	EndGlobalSection
	GlobalSection(ProjectConfigurationPlatforms) = postSolution
		{F36BEB88-7042-498F-859C-4F76A588A615}.Debug|Any CPU.ActiveCfg = Debug|x86
		{F36BEB88-7042-498F-859C-4F76A588A615}.Debug|Any CPU.Build.0 = Debug|x86
		{F36BEB88-7042-498F-859C-4F76A588A615}.Debug|Any CPU.Deploy.0 = Debug|x86
		{F36BEB88-7042-498F-859C-4F76A588A615}.Debug|ARM.ActiveCfg = Debug|ARM
		{F36BEB88-7042-498F-859C-4F76A588A615}.Debug|ARM.Build.0 = Debug|ARM
		{F36BEB88-7042-498F-859C-4F76A588A615}.Debug|ARM.Deploy.0 = Debug|ARM
		{F36BEB88-7042-498F-859C-4F76A588A615}.Debug|x64.ActiveCfg = Debug|x64
		{F36BEB88-7042-498F-859C-4F76A588A615}.Debug|x64.Build.0 = Debug|x64
		{F36BEB88-7042-498F-859C-4F76A588A615}.Debug|x64.Deploy.0 = Debug|x64
		{F36BEB88-7042-498F-859C-4F76A588A615}.Debug|x86.ActiveCfg = Debug|x86
		{F36BEB88-7042-498F-859C-4F76A588A615}.Debug|x86.Build.0 = Debug|x86
		{F36BEB88-7042-498F-859C-4F76A588A615}.Debug|x86.Deploy.0 = Debug|x86
		{F36BEB88-7042-498F-859C-4F76A588A615}.Release|Any CPU.ActiveCfg = Release|Any CPU
		{F36BEB88-7042-498F-859C-4F76A588A615}.Release|Any CPU.Build.0 = Release|Any CPU
		{F36BEB88-7042-498F-859C-4F76A588A615}.Release|Any CPU.Deploy.0 = Release|Any CPU
		{F36BEB88-7042-498F-859C-4F76A588A615}.Release|ARM.ActiveCfg = Release|ARM
		{F36BEB88-7042-498F-859C-4F76A588A615}.Release|ARM.Build.0 = Release|ARM
		{F36BEB88-7042-498F-859C-4F76A588A615}.Release|ARM.Deploy.0 = Release|ARM
		{F36BEB88-7042-498F-859C-4F76A588A615}.Release|x64.ActiveCfg = Release|x64
		{F36BEB88-7042-498F-859C-4F76A588A615}.Release|x64.Build.0 = Release|x64
		{F36BEB88-7042-498F-859C-4F76A588A615}.Release|x64.Deploy.0 = Release|x64
		{F36BEB88-7042-498F-859C-4F76A588A615}.Release|x86.ActiveCfg = Release|x86
		{F36BEB88-7042-498F-859C-4F76A588A615}.Release|x86.Build.0 = Release|x86
		{F36BEB88-7042-498F-859C-4F76A588A615}.Release|x86.Deploy.0 = Release|x86
		{5B7D626D-A020-4C26-9F2D-FCCEEB63A837}.Debug|Any CPU.ActiveCfg = Debug|Any CPU
		{5B7D626D-A020-4C26-9F2D-FCCEEB63A837}.Debug|Any CPU.Build.0 = Debug|Any CPU
		{5B7D626D-A020-4C26-9F2D-FCCEEB63A837}.Debug|ARM.ActiveCfg = Debug|Any CPU
		{5B7D626D-A020-4C26-9F2D-FCCEEB63A837}.Debug|x64.ActiveCfg = Debug|Any CPU
		{5B7D626D-A020-4C26-9F2D-FCCEEB63A837}.Debug|x86.ActiveCfg = Debug|Any CPU
		{5B7D626D-A020-4C26-9F2D-FCCEEB63A837}.Release|Any CPU.ActiveCfg = Release|Any CPU
		{5B7D626D-A020-4C26-9F2D-FCCEEB63A837}.Release|Any CPU.Build.0 = Release|Any CPU
		{5B7D626D-A020-4C26-9F2D-FCCEEB63A837}.Release|ARM.ActiveCfg = Release|Any CPU
		{5B7D626D-A020-4C26-9F2D-FCCEEB63A837}.Release|x64.ActiveCfg = Release|Any CPU
		{5B7D626D-A020-4C26-9F2D-FCCEEB63A837}.Release|x86.ActiveCfg = Release|Any CPU
		{4D195CD6-D3AF-4B54-8BCD-B60043920900}.Debug|Any CPU.ActiveCfg = Debug|Any CPU
		{4D195CD6-D3AF-4B54-8BCD-B60043920900}.Debug|Any CPU.Build.0 = Debug|Any CPU
		{4D195CD6-D3AF-4B54-8BCD-B60043920900}.Debug|ARM.ActiveCfg = Debug|Any CPU
		{4D195CD6-D3AF-4B54-8BCD-B60043920900}.Debug|x64.ActiveCfg = Debug|Any CPU
		{4D195CD6-D3AF-4B54-8BCD-B60043920900}.Debug|x86.ActiveCfg = Debug|Any CPU
		{4D195CD6-D3AF-4B54-8BCD-B60043920900}.Release|Any CPU.ActiveCfg = Release|Any CPU
		{4D195CD6-D3AF-4B54-8BCD-B60043920900}.Release|Any CPU.Build.0 = Release|Any CPU
		{4D195CD6-D3AF-4B54-8BCD-B60043920900}.Release|ARM.ActiveCfg = Release|Any CPU
		{4D195CD6-D3AF-4B54-8BCD-B60043920900}.Release|x64.ActiveCfg = Release|Any CPU
		{4D195CD6-D3AF-4B54-8BCD-B60043920900}.Release|x86.ActiveCfg = Release|Any CPU
	EndGlobalSection
	GlobalSection(SolutionProperties) = preSolution
		HideSolutionNode = FALSE
	EndGlobalSection
EndGlobal
